// !$*UTF8*$!
{
	archiveVersion = 1;
	classes = {
	};
	objectVersion = 56;
	objects = {

/* Begin PBXBuildFile section */
		93B0131C2A8E557700B97CA0 /* ScreenTimeShieldApp.swift in Sources */ = {isa = PBXBuildFile; fileRef = 93B0131B2A8E557700B97CA0 /* ScreenTimeShieldApp.swift */; };
		93B0131E2A8E557700B97CA0 /* ContentView.swift in Sources */ = {isa = PBXBuildFile; fileRef = 93B0131D2A8E557700B97CA0 /* ContentView.swift */; };
		93B013202A8E557800B97CA0 /* Assets.xcassets in Resources */ = {isa = PBXBuildFile; fileRef = 93B0131F2A8E557800B97CA0 /* Assets.xcassets */; };
		93B013232A8E557800B97CA0 /* Preview Assets.xcassets in Resources */ = {isa = PBXBuildFile; fileRef = 93B013222A8E557800B97CA0 /* Preview Assets.xcassets */; };
		93B0132D2A8E557800B97CA0 /* ScreenTimeShieldTests.swift in Sources */ = {isa = PBXBuildFile; fileRef = 93B0132C2A8E557800B97CA0 /* ScreenTimeShieldTests.swift */; };
		93B013372A8E557800B97CA0 /* ScreenTimeShieldUITests.swift in Sources */ = {isa = PBXBuildFile; fileRef = 93B013362A8E557800B97CA0 /* ScreenTimeShieldUITests.swift */; };
		93B013392A8E557800B97CA0 /* ScreenTimeShieldUITestsLaunchTests.swift in Sources */ = {isa = PBXBuildFile; fileRef = 93B013382A8E557800B97CA0 /* ScreenTimeShieldUITestsLaunchTests.swift */; };
		93B013472A8E645400B97CA0 /* Model.swift in Sources */ = {isa = PBXBuildFile; fileRef = 93B013462A8E645400B97CA0 /* Model.swift */; };
		93B013492A8E6C9700B97CA0 /* Schedule.swift in Sources */ = {isa = PBXBuildFile; fileRef = 93B013482A8E6C9700B97CA0 /* Schedule.swift */; };
/* End PBXBuildFile section */

/* Begin PBXContainerItemProxy section */
		93B013292A8E557800B97CA0 /* PBXContainerItemProxy */ = {
			isa = PBXContainerItemProxy;
			containerPortal = 93B013102A8E557700B97CA0 /* Project object */;
			proxyType = 1;
			remoteGlobalIDString = 93B013172A8E557700B97CA0;
			remoteInfo = ScreenTimeShield;
		};
		93B013332A8E557800B97CA0 /* PBXContainerItemProxy */ = {
			isa = PBXContainerItemProxy;
			containerPortal = 93B013102A8E557700B97CA0 /* Project object */;
			proxyType = 1;
			remoteGlobalIDString = 93B013172A8E557700B97CA0;
			remoteInfo = ScreenTimeShield;
		};
/* End PBXContainerItemProxy section */

/* Begin PBXFileReference section */
		93B013182A8E557700B97CA0 /* ScreenTimeShield.app */ = {isa = PBXFileReference; explicitFileType = wrapper.application; includeInIndex = 0; path = ScreenTimeShield.app; sourceTree = BUILT_PRODUCTS_DIR; };
		93B0131B2A8E557700B97CA0 /* ScreenTimeShieldApp.swift */ = {isa = PBXFileReference; lastKnownFileType = sourcecode.swift; path = ScreenTimeShieldApp.swift; sourceTree = "<group>"; };
		93B0131D2A8E557700B97CA0 /* ContentView.swift */ = {isa = PBXFileReference; lastKnownFileType = sourcecode.swift; path = ContentView.swift; sourceTree = "<group>"; };
		93B0131F2A8E557800B97CA0 /* Assets.xcassets */ = {isa = PBXFileReference; lastKnownFileType = folder.assetcatalog; path = Assets.xcassets; sourceTree = "<group>"; };
		93B013222A8E557800B97CA0 /* Preview Assets.xcassets */ = {isa = PBXFileReference; lastKnownFileType = folder.assetcatalog; path = "Preview Assets.xcassets"; sourceTree = "<group>"; };
		93B013282A8E557800B97CA0 /* ScreenTimeShieldTests.xctest */ = {isa = PBXFileReference; explicitFileType = wrapper.cfbundle; includeInIndex = 0; path = ScreenTimeShieldTests.xctest; sourceTree = BUILT_PRODUCTS_DIR; };
		93B0132C2A8E557800B97CA0 /* ScreenTimeShieldTests.swift */ = {isa = PBXFileReference; lastKnownFileType = sourcecode.swift; path = ScreenTimeShieldTests.swift; sourceTree = "<group>"; };
		93B013322A8E557800B97CA0 /* ScreenTimeShieldUITests.xctest */ = {isa = PBXFileReference; explicitFileType = wrapper.cfbundle; includeInIndex = 0; path = ScreenTimeShieldUITests.xctest; sourceTree = BUILT_PRODUCTS_DIR; };
		93B013362A8E557800B97CA0 /* ScreenTimeShieldUITests.swift */ = {isa = PBXFileReference; lastKnownFileType = sourcecode.swift; path = ScreenTimeShieldUITests.swift; sourceTree = "<group>"; };
		93B013382A8E557800B97CA0 /* ScreenTimeShieldUITestsLaunchTests.swift */ = {isa = PBXFileReference; lastKnownFileType = sourcecode.swift; path = ScreenTimeShieldUITestsLaunchTests.swift; sourceTree = "<group>"; };
		93B013452A8E566500B97CA0 /* ScreenTimeShield.entitlements */ = {isa = PBXFileReference; lastKnownFileType = text.plist.entitlements; path = ScreenTimeShield.entitlements; sourceTree = "<group>"; };
		93B013462A8E645400B97CA0 /* Model.swift */ = {isa = PBXFileReference; lastKnownFileType = sourcecode.swift; path = Model.swift; sourceTree = "<group>"; };
		93B013482A8E6C9700B97CA0 /* Schedule.swift */ = {isa = PBXFileReference; lastKnownFileType = sourcecode.swift; path = Schedule.swift; sourceTree = "<group>"; };
/* End PBXFileReference section */

/* Begin PBXFrameworksBuildPhase section */
		93B013152A8E557700B97CA0 /* Frameworks */ = {
			isa = PBXFrameworksBuildPhase;
			buildActionMask = 2147483647;
			files = (
			);
			runOnlyForDeploymentPostprocessing = 0;
		};
		93B013252A8E557800B97CA0 /* Frameworks */ = {
			isa = PBXFrameworksBuildPhase;
			buildActionMask = 2147483647;
			files = (
			);
			runOnlyForDeploymentPostprocessing = 0;
		};
		93B0132F2A8E557800B97CA0 /* Frameworks */ = {
			isa = PBXFrameworksBuildPhase;
			buildActionMask = 2147483647;
			files = (
			);
			runOnlyForDeploymentPostprocessing = 0;
		};
/* End PBXFrameworksBuildPhase section */

/* Begin PBXGroup section */
		93B0130F2A8E557700B97CA0 = {
			isa = PBXGroup;
			children = (
				93B0131A2A8E557700B97CA0 /* ScreenTimeShield */,
				93B0132B2A8E557800B97CA0 /* ScreenTimeShieldTests */,
				93B013352A8E557800B97CA0 /* ScreenTimeShieldUITests */,
				93B013192A8E557700B97CA0 /* Products */,
			);
			sourceTree = "<group>";
		};
		93B013192A8E557700B97CA0 /* Products */ = {
			isa = PBXGroup;
			children = (
				93B013182A8E557700B97CA0 /* ScreenTimeShield.app */,
				93B013282A8E557800B97CA0 /* ScreenTimeShieldTests.xctest */,
				93B013322A8E557800B97CA0 /* ScreenTimeShieldUITests.xctest */,
			);
			name = Products;
			sourceTree = "<group>";
		};
		93B0131A2A8E557700B97CA0 /* ScreenTimeShield */ = {
			isa = PBXGroup;
			children = (
				93B013452A8E566500B97CA0 /* ScreenTimeShield.entitlements */,
				93B0131B2A8E557700B97CA0 /* ScreenTimeShieldApp.swift */,
				93B0131D2A8E557700B97CA0 /* ContentView.swift */,
				93B013482A8E6C9700B97CA0 /* Schedule.swift */,
				93B013462A8E645400B97CA0 /* Model.swift */,
				93B0131F2A8E557800B97CA0 /* Assets.xcassets */,
				93B013212A8E557800B97CA0 /* Preview Content */,
			);
			path = ScreenTimeShield;
			sourceTree = "<group>";
		};
		93B013212A8E557800B97CA0 /* Preview Content */ = {
			isa = PBXGroup;
			children = (
				93B013222A8E557800B97CA0 /* Preview Assets.xcassets */,
			);
			path = "Preview Content";
			sourceTree = "<group>";
		};
		93B0132B2A8E557800B97CA0 /* ScreenTimeShieldTests */ = {
			isa = PBXGroup;
			children = (
				93B0132C2A8E557800B97CA0 /* ScreenTimeShieldTests.swift */,
			);
			path = ScreenTimeShieldTests;
			sourceTree = "<group>";
		};
		93B013352A8E557800B97CA0 /* ScreenTimeShieldUITests */ = {
			isa = PBXGroup;
			children = (
				93B013362A8E557800B97CA0 /* ScreenTimeShieldUITests.swift */,
				93B013382A8E557800B97CA0 /* ScreenTimeShieldUITestsLaunchTests.swift */,
			);
			path = ScreenTimeShieldUITests;
			sourceTree = "<group>";
		};
/* End PBXGroup section */

/* Begin PBXNativeTarget section */
		93B013172A8E557700B97CA0 /* ScreenTimeShield */ = {
			isa = PBXNativeTarget;
			buildConfigurationList = 93B0133C2A8E557800B97CA0 /* Build configuration list for PBXNativeTarget "ScreenTimeShield" */;
			buildPhases = (
				93B013142A8E557700B97CA0 /* Sources */,
				93B013152A8E557700B97CA0 /* Frameworks */,
				93B013162A8E557700B97CA0 /* Resources */,
			);
			buildRules = (
			);
			dependencies = (
			);
			name = ScreenTimeShield;
			productName = ScreenTimeShield;
			productReference = 93B013182A8E557700B97CA0 /* ScreenTimeShield.app */;
			productType = "com.apple.product-type.application";
		};
		93B013272A8E557800B97CA0 /* ScreenTimeShieldTests */ = {
			isa = PBXNativeTarget;
			buildConfigurationList = 93B0133F2A8E557800B97CA0 /* Build configuration list for PBXNativeTarget "ScreenTimeShieldTests" */;
			buildPhases = (
				93B013242A8E557800B97CA0 /* Sources */,
				93B013252A8E557800B97CA0 /* Frameworks */,
				93B013262A8E557800B97CA0 /* Resources */,
			);
			buildRules = (
			);
			dependencies = (
				93B0132A2A8E557800B97CA0 /* PBXTargetDependency */,
			);
			name = ScreenTimeShieldTests;
			productName = ScreenTimeShieldTests;
			productReference = 93B013282A8E557800B97CA0 /* ScreenTimeShieldTests.xctest */;
			productType = "com.apple.product-type.bundle.unit-test";
		};
		93B013312A8E557800B97CA0 /* ScreenTimeShieldUITests */ = {
			isa = PBXNativeTarget;
			buildConfigurationList = 93B013422A8E557800B97CA0 /* Build configuration list for PBXNativeTarget "ScreenTimeShieldUITests" */;
			buildPhases = (
				93B0132E2A8E557800B97CA0 /* Sources */,
				93B0132F2A8E557800B97CA0 /* Frameworks */,
				93B013302A8E557800B97CA0 /* Resources */,
			);
			buildRules = (
			);
			dependencies = (
				93B013342A8E557800B97CA0 /* PBXTargetDependency */,
			);
			name = ScreenTimeShieldUITests;
			productName = ScreenTimeShieldUITests;
			productReference = 93B013322A8E557800B97CA0 /* ScreenTimeShieldUITests.xctest */;
			productType = "com.apple.product-type.bundle.ui-testing";
		};
/* End PBXNativeTarget section */

/* Begin PBXProject section */
		93B013102A8E557700B97CA0 /* Project object */ = {
			isa = PBXProject;
			attributes = {
				BuildIndependentTargetsInParallel = 1;
				LastSwiftUpdateCheck = 1430;
				LastUpgradeCheck = 1430;
				TargetAttributes = {
					93B013172A8E557700B97CA0 = {
						CreatedOnToolsVersion = 14.3;
					};
					93B013272A8E557800B97CA0 = {
						CreatedOnToolsVersion = 14.3;
						TestTargetID = 93B013172A8E557700B97CA0;
					};
					93B013312A8E557800B97CA0 = {
						CreatedOnToolsVersion = 14.3;
						TestTargetID = 93B013172A8E557700B97CA0;
					};
				};
			};
			buildConfigurationList = 93B013132A8E557700B97CA0 /* Build configuration list for PBXProject "ScreenTimeShield" */;
			compatibilityVersion = "Xcode 14.0";
			developmentRegion = en;
			hasScannedForEncodings = 0;
			knownRegions = (
				en,
				Base,
			);
			mainGroup = 93B0130F2A8E557700B97CA0;
			productRefGroup = 93B013192A8E557700B97CA0 /* Products */;
			projectDirPath = "";
			projectRoot = "";
			targets = (
				93B013172A8E557700B97CA0 /* ScreenTimeShield */,
				93B013272A8E557800B97CA0 /* ScreenTimeShieldTests */,
				93B013312A8E557800B97CA0 /* ScreenTimeShieldUITests */,
			);
		};
/* End PBXProject section */

/* Begin PBXResourcesBuildPhase section */
		93B013162A8E557700B97CA0 /* Resources */ = {
			isa = PBXResourcesBuildPhase;
			buildActionMask = 2147483647;
			files = (
				93B013232A8E557800B97CA0 /* Preview Assets.xcassets in Resources */,
				93B013202A8E557800B97CA0 /* Assets.xcassets in Resources */,
			);
			runOnlyForDeploymentPostprocessing = 0;
		};
		93B013262A8E557800B97CA0 /* Resources */ = {
			isa = PBXResourcesBuildPhase;
			buildActionMask = 2147483647;
			files = (
			);
			runOnlyForDeploymentPostprocessing = 0;
		};
		93B013302A8E557800B97CA0 /* Resources */ = {
			isa = PBXResourcesBuildPhase;
			buildActionMask = 2147483647;
			files = (
			);
			runOnlyForDeploymentPostprocessing = 0;
		};
/* End PBXResourcesBuildPhase section */

/* Begin PBXSourcesBuildPhase section */
		93B013142A8E557700B97CA0 /* Sources */ = {
			isa = PBXSourcesBuildPhase;
			buildActionMask = 2147483647;
			files = (
				93B013472A8E645400B97CA0 /* Model.swift in Sources */,
				93B0131E2A8E557700B97CA0 /* ContentView.swift in Sources */,
				93B013492A8E6C9700B97CA0 /* Schedule.swift in Sources */,
				93B0131C2A8E557700B97CA0 /* ScreenTimeShieldApp.swift in Sources */,
			);
			runOnlyForDeploymentPostprocessing = 0;
		};
		93B013242A8E557800B97CA0 /* Sources */ = {
			isa = PBXSourcesBuildPhase;
			buildActionMask = 2147483647;
			files = (
				93B0132D2A8E557800B97CA0 /* ScreenTimeShieldTests.swift in Sources */,
			);
			runOnlyForDeploymentPostprocessing = 0;
		};
		93B0132E2A8E557800B97CA0 /* Sources */ = {
			isa = PBXSourcesBuildPhase;
			buildActionMask = 2147483647;
			files = (
				93B013392A8E557800B97CA0 /* ScreenTimeShieldUITestsLaunchTests.swift in Sources */,
				93B013372A8E557800B97CA0 /* ScreenTimeShieldUITests.swift in Sources */,
			);
			runOnlyForDeploymentPostprocessing = 0;
		};
/* End PBXSourcesBuildPhase section */

/* Begin PBXTargetDependency section */
		93B0132A2A8E557800B97CA0 /* PBXTargetDependency */ = {
			isa = PBXTargetDependency;
			target = 93B013172A8E557700B97CA0 /* ScreenTimeShield */;
			targetProxy = 93B013292A8E557800B97CA0 /* PBXContainerItemProxy */;
		};
		93B013342A8E557800B97CA0 /* PBXTargetDependency */ = {
			isa = PBXTargetDependency;
			target = 93B013172A8E557700B97CA0 /* ScreenTimeShield */;
			targetProxy = 93B013332A8E557800B97CA0 /* PBXContainerItemProxy */;
		};
/* End PBXTargetDependency section */

/* Begin XCBuildConfiguration section */
		93B0133A2A8E557800B97CA0 /* Debug */ = {
			isa = XCBuildConfiguration;
			buildSettings = {
				ALWAYS_SEARCH_USER_PATHS = NO;
				CLANG_ANALYZER_NONNULL = YES;
				CLANG_ANALYZER_NUMBER_OBJECT_CONVERSION = YES_AGGRESSIVE;
				CLANG_CXX_LANGUAGE_STANDARD = "gnu++20";
				CLANG_ENABLE_MODULES = YES;
				CLANG_ENABLE_OBJC_ARC = YES;
				CLANG_ENABLE_OBJC_WEAK = YES;
				CLANG_WARN_BLOCK_CAPTURE_AUTORELEASING = YES;
				CLANG_WARN_BOOL_CONVERSION = YES;
				CLANG_WARN_COMMA = YES;
				CLANG_WARN_CONSTANT_CONVERSION = YES;
				CLANG_WARN_DEPRECATED_OBJC_IMPLEMENTATIONS = YES;
				CLANG_WARN_DIRECT_OBJC_ISA_USAGE = YES_ERROR;
				CLANG_WARN_DOCUMENTATION_COMMENTS = YES;
				CLANG_WARN_EMPTY_BODY = YES;
				CLANG_WARN_ENUM_CONVERSION = YES;
				CLANG_WARN_INFINITE_RECURSION = YES;
				CLANG_WARN_INT_CONVERSION = YES;
				CLANG_WARN_NON_LITERAL_NULL_CONVERSION = YES;
				CLANG_WARN_OBJC_IMPLICIT_RETAIN_SELF = YES;
				CLANG_WARN_OBJC_LITERAL_CONVERSION = YES;
				CLANG_WARN_OBJC_ROOT_CLASS = YES_ERROR;
				CLANG_WARN_QUOTED_INCLUDE_IN_FRAMEWORK_HEADER = YES;
				CLANG_WARN_RANGE_LOOP_ANALYSIS = YES;
				CLANG_WARN_STRICT_PROTOTYPES = YES;
				CLANG_WARN_SUSPICIOUS_MOVE = YES;
				CLANG_WARN_UNGUARDED_AVAILABILITY = YES_AGGRESSIVE;
				CLANG_WARN_UNREACHABLE_CODE = YES;
				CLANG_WARN__DUPLICATE_METHOD_MATCH = YES;
				COPY_PHASE_STRIP = NO;
				DEBUG_INFORMATION_FORMAT = dwarf;
				ENABLE_STRICT_OBJC_MSGSEND = YES;
				ENABLE_TESTABILITY = YES;
				GCC_C_LANGUAGE_STANDARD = gnu11;
				GCC_DYNAMIC_NO_PIC = NO;
				GCC_NO_COMMON_BLOCKS = YES;
				GCC_OPTIMIZATION_LEVEL = 0;
				GCC_PREPROCESSOR_DEFINITIONS = (
					"DEBUG=1",
					"$(inherited)",
				);
				GCC_WARN_64_TO_32_BIT_CONVERSION = YES;
				GCC_WARN_ABOUT_RETURN_TYPE = YES_ERROR;
				GCC_WARN_UNDECLARED_SELECTOR = YES;
				GCC_WARN_UNINITIALIZED_AUTOS = YES_AGGRESSIVE;
				GCC_WARN_UNUSED_FUNCTION = YES;
				GCC_WARN_UNUSED_VARIABLE = YES;
				IPHONEOS_DEPLOYMENT_TARGET = 16.4;
				MTL_ENABLE_DEBUG_INFO = INCLUDE_SOURCE;
				MTL_FAST_MATH = YES;
				ONLY_ACTIVE_ARCH = YES;
				SDKROOT = iphoneos;
				SWIFT_ACTIVE_COMPILATION_CONDITIONS = DEBUG;
				SWIFT_OPTIMIZATION_LEVEL = "-Onone";
			};
			name = Debug;
		};
		93B0133B2A8E557800B97CA0 /* Release */ = {
			isa = XCBuildConfiguration;
			buildSettings = {
				ALWAYS_SEARCH_USER_PATHS = NO;
				CLANG_ANALYZER_NONNULL = YES;
				CLANG_ANALYZER_NUMBER_OBJECT_CONVERSION = YES_AGGRESSIVE;
				CLANG_CXX_LANGUAGE_STANDARD = "gnu++20";
				CLANG_ENABLE_MODULES = YES;
				CLANG_ENABLE_OBJC_ARC = YES;
				CLANG_ENABLE_OBJC_WEAK = YES;
				CLANG_WARN_BLOCK_CAPTURE_AUTORELEASING = YES;
				CLANG_WARN_BOOL_CONVERSION = YES;
				CLANG_WARN_COMMA = YES;
				CLANG_WARN_CONSTANT_CONVERSION = YES;
				CLANG_WARN_DEPRECATED_OBJC_IMPLEMENTATIONS = YES;
				CLANG_WARN_DIRECT_OBJC_ISA_USAGE = YES_ERROR;
				CLANG_WARN_DOCUMENTATION_COMMENTS = YES;
				CLANG_WARN_EMPTY_BODY = YES;
				CLANG_WARN_ENUM_CONVERSION = YES;
				CLANG_WARN_INFINITE_RECURSION = YES;
				CLANG_WARN_INT_CONVERSION = YES;
				CLANG_WARN_NON_LITERAL_NULL_CONVERSION = YES;
				CLANG_WARN_OBJC_IMPLICIT_RETAIN_SELF = YES;
				CLANG_WARN_OBJC_LITERAL_CONVERSION = YES;
				CLANG_WARN_OBJC_ROOT_CLASS = YES_ERROR;
				CLANG_WARN_QUOTED_INCLUDE_IN_FRAMEWORK_HEADER = YES;
				CLANG_WARN_RANGE_LOOP_ANALYSIS = YES;
				CLANG_WARN_STRICT_PROTOTYPES = YES;
				CLANG_WARN_SUSPICIOUS_MOVE = YES;
				CLANG_WARN_UNGUARDED_AVAILABILITY = YES_AGGRESSIVE;
				CLANG_WARN_UNREACHABLE_CODE = YES;
				CLANG_WARN__DUPLICATE_METHOD_MATCH = YES;
				COPY_PHASE_STRIP = NO;
				DEBUG_INFORMATION_FORMAT = "dwarf-with-dsym";
				ENABLE_NS_ASSERTIONS = NO;
				ENABLE_STRICT_OBJC_MSGSEND = YES;
				GCC_C_LANGUAGE_STANDARD = gnu11;
				GCC_NO_COMMON_BLOCKS = YES;
				GCC_WARN_64_TO_32_BIT_CONVERSION = YES;
				GCC_WARN_ABOUT_RETURN_TYPE = YES_ERROR;
				GCC_WARN_UNDECLARED_SELECTOR = YES;
				GCC_WARN_UNINITIALIZED_AUTOS = YES_AGGRESSIVE;
				GCC_WARN_UNUSED_FUNCTION = YES;
				GCC_WARN_UNUSED_VARIABLE = YES;
				IPHONEOS_DEPLOYMENT_TARGET = 16.4;
				MTL_ENABLE_DEBUG_INFO = NO;
				MTL_FAST_MATH = YES;
				SDKROOT = iphoneos;
				SWIFT_COMPILATION_MODE = wholemodule;
				SWIFT_OPTIMIZATION_LEVEL = "-O";
				VALIDATE_PRODUCT = YES;
			};
			name = Release;
		};
		93B0133D2A8E557800B97CA0 /* Debug */ = {
			isa = XCBuildConfiguration;
			buildSettings = {
				ASSETCATALOG_COMPILER_APPICON_NAME = AppIcon;
				ASSETCATALOG_COMPILER_GLOBAL_ACCENT_COLOR_NAME = AccentColor;
				CODE_SIGN_ENTITLEMENTS = ScreenTimeShield/ScreenTimeShield.entitlements;
				CODE_SIGN_STYLE = Automatic;
				CURRENT_PROJECT_VERSION = 1;
				DEVELOPMENT_ASSET_PATHS = "\"ScreenTimeShield/Preview Content\"";
				DEVELOPMENT_TEAM = 9F7FZ3S533;
				ENABLE_PREVIEWS = YES;
				GENERATE_INFOPLIST_FILE = YES;
				INFOPLIST_KEY_UIApplicationSceneManifest_Generation = YES;
				INFOPLIST_KEY_UIApplicationSupportsIndirectInputEvents = YES;
				INFOPLIST_KEY_UILaunchScreen_Generation = YES;
				INFOPLIST_KEY_UISupportedInterfaceOrientations_iPad = "UIInterfaceOrientationPortrait UIInterfaceOrientationPortraitUpsideDown UIInterfaceOrientationLandscapeLeft UIInterfaceOrientationLandscapeRight";
				INFOPLIST_KEY_UISupportedInterfaceOrientations_iPhone = "UIInterfaceOrientationPortrait UIInterfaceOrientationLandscapeLeft UIInterfaceOrientationLandscapeRight";
				IPHONEOS_DEPLOYMENT_TARGET = 16.0;
				LD_RUNPATH_SEARCH_PATHS = (
					"$(inherited)",
					"@executable_path/Frameworks",
				);
				MARKETING_VERSION = 1.0;
				PRODUCT_BUNDLE_IDENTIFIER = com.halfspud.ScreenTimeShield;
				PRODUCT_NAME = "$(TARGET_NAME)";
				SWIFT_EMIT_LOC_STRINGS = YES;
				SWIFT_VERSION = 5.0;
				TARGETED_DEVICE_FAMILY = "1,2";
			};
			name = Debug;
		};
		93B0133E2A8E557800B97CA0 /* Release */ = {
			isa = XCBuildConfiguration;
			buildSettings = {
				ASSETCATALOG_COMPILER_APPICON_NAME = AppIcon;
				ASSETCATALOG_COMPILER_GLOBAL_ACCENT_COLOR_NAME = AccentColor;
				CODE_SIGN_ENTITLEMENTS = ScreenTimeShield/ScreenTimeShield.entitlements;
				CODE_SIGN_STYLE = Automatic;
				CURRENT_PROJECT_VERSION = 1;
				DEVELOPMENT_ASSET_PATHS = "\"ScreenTimeShield/Preview Content\"";
				DEVELOPMENT_TEAM = 9F7FZ3S533;
				ENABLE_PREVIEWS = YES;
				GENERATE_INFOPLIST_FILE = YES;
				INFOPLIST_KEY_UIApplicationSceneManifest_Generation = YES;
				INFOPLIST_KEY_UIApplicationSupportsIndirectInputEvents = YES;
				INFOPLIST_KEY_UILaunchScreen_Generation = YES;
				INFOPLIST_KEY_UISupportedInterfaceOrientations_iPad = "UIInterfaceOrientationPortrait UIInterfaceOrientationPortraitUpsideDown UIInterfaceOrientationLandscapeLeft UIInterfaceOrientationLandscapeRight";
				INFOPLIST_KEY_UISupportedInterfaceOrientations_iPhone = "UIInterfaceOrientationPortrait UIInterfaceOrientationLandscapeLeft UIInterfaceOrientationLandscapeRight";
				IPHONEOS_DEPLOYMENT_TARGET = 16.0;
				LD_RUNPATH_SEARCH_PATHS = (
					"$(inherited)",
					"@executable_path/Frameworks",
				);
				MARKETING_VERSION = 1.0;
				PRODUCT_BUNDLE_IDENTIFIER = com.halfspud.ScreenTimeShield;
				PRODUCT_NAME = "$(TARGET_NAME)";
				SWIFT_EMIT_LOC_STRINGS = YES;
				SWIFT_VERSION = 5.0;
				TARGETED_DEVICE_FAMILY = "1,2";
			};
			name = Release;
		};
		93B013402A8E557800B97CA0 /* Debug */ = {
			isa = XCBuildConfiguration;
			buildSettings = {
				ALWAYS_EMBED_SWIFT_STANDARD_LIBRARIES = YES;
				BUNDLE_LOADER = "$(TEST_HOST)";
				CODE_SIGN_STYLE = Automatic;
				CURRENT_PROJECT_VERSION = 1;
				DEVELOPMENT_TEAM = 9F7FZ3S533;
				GENERATE_INFOPLIST_FILE = YES;
				IPHONEOS_DEPLOYMENT_TARGET = 16.4;
				MARKETING_VERSION = 1.0;
				PRODUCT_BUNDLE_IDENTIFIER = com.halfspud.ScreenTimeShieldTests;
				PRODUCT_NAME = "$(TARGET_NAME)";
				SWIFT_EMIT_LOC_STRINGS = NO;
				SWIFT_VERSION = 5.0;
				TARGETED_DEVICE_FAMILY = "1,2";
				TEST_HOST = "$(BUILT_PRODUCTS_DIR)/ScreenTimeShield.app/$(BUNDLE_EXECUTABLE_FOLDER_PATH)/ScreenTimeShield";
			};
			name = Debug;
		};
		93B013412A8E557800B97CA0 /* Release */ = {
			isa = XCBuildConfiguration;
			buildSettings = {
				ALWAYS_EMBED_SWIFT_STANDARD_LIBRARIES = YES;
				BUNDLE_LOADER = "$(TEST_HOST)";
				CODE_SIGN_STYLE = Automatic;
				CURRENT_PROJECT_VERSION = 1;
				DEVELOPMENT_TEAM = 9F7FZ3S533;
				GENERATE_INFOPLIST_FILE = YES;
				IPHONEOS_DEPLOYMENT_TARGET = 16.4;
				MARKETING_VERSION = 1.0;
				PRODUCT_BUNDLE_IDENTIFIER = com.halfspud.ScreenTimeShieldTests;
				PRODUCT_NAME = "$(TARGET_NAME)";
				SWIFT_EMIT_LOC_STRINGS = NO;
				SWIFT_VERSION = 5.0;
				TARGETED_DEVICE_FAMILY = "1,2";
				TEST_HOST = "$(BUILT_PRODUCTS_DIR)/ScreenTimeShield.app/$(BUNDLE_EXECUTABLE_FOLDER_PATH)/ScreenTimeShield";
			};
			name = Release;
		};
		93B013432A8E557800B97CA0 /* Debug */ = {
			isa = XCBuildConfiguration;
			buildSettings = {
				ALWAYS_EMBED_SWIFT_STANDARD_LIBRARIES = YES;
				CODE_SIGN_STYLE = Automatic;
				CURRENT_PROJECT_VERSION = 1;
				DEVELOPMENT_TEAM = 9F7FZ3S533;
				GENERATE_INFOPLIST_FILE = YES;
				MARKETING_VERSION = 1.0;
				PRODUCT_BUNDLE_IDENTIFIER = com.halfspud.ScreenTimeShieldUITests;
				PRODUCT_NAME = "$(TARGET_NAME)";
				SWIFT_EMIT_LOC_STRINGS = NO;
				SWIFT_VERSION = 5.0;
				TARGETED_DEVICE_FAMILY = "1,2";
				TEST_TARGET_NAME = ScreenTimeShield;
			};
			name = Debug;
		};
		93B013442A8E557800B97CA0 /* Release */ = {
			isa = XCBuildConfiguration;
			buildSettings = {
				ALWAYS_EMBED_SWIFT_STANDARD_LIBRARIES = YES;
				CODE_SIGN_STYLE = Automatic;
				CURRENT_PROJECT_VERSION = 1;
				DEVELOPMENT_TEAM = 9F7FZ3S533;
				GENERATE_INFOPLIST_FILE = YES;
				MARKETING_VERSION = 1.0;
				PRODUCT_BUNDLE_IDENTIFIER = com.halfspud.ScreenTimeShieldUITests;
				PRODUCT_NAME = "$(TARGET_NAME)";
				SWIFT_EMIT_LOC_STRINGS = NO;
				SWIFT_VERSION = 5.0;
				TARGETED_DEVICE_FAMILY = "1,2";
				TEST_TARGET_NAME = ScreenTimeShield;
			};
			name = Release;
		};
/* End XCBuildConfiguration section */

/* Begin XCConfigurationList section */
		93B013132A8E557700B97CA0 /* Build configuration list for PBXProject "ScreenTimeShield" */ = {
			isa = XCConfigurationList;
			buildConfigurations = (
				93B0133A2A8E557800B97CA0 /* Debug */,
				93B0133B2A8E557800B97CA0 /* Release */,
			);
			defaultConfigurationIsVisible = 0;
			defaultConfigurationName = Release;
		};
		93B0133C2A8E557800B97CA0 /* Build configuration list for PBXNativeTarget "ScreenTimeShield" */ = {
			isa = XCConfigurationList;
			buildConfigurations = (
				93B0133D2A8E557800B97CA0 /* Debug */,
				93B0133E2A8E557800B97CA0 /* Release */,
			);
			defaultConfigurationIsVisible = 0;
			defaultConfigurationName = Release;
		};
		93B0133F2A8E557800B97CA0 /* Build configuration list for PBXNativeTarget "ScreenTimeShieldTests" */ = {
			isa = XCConfigurationList;
			buildConfigurations = (
				93B013402A8E557800B97CA0 /* Debug */,
				93B013412A8E557800B97CA0 /* Release */,
			);
			defaultConfigurationIsVisible = 0;
			defaultConfigurationName = Release;
		};
		93B013422A8E557800B97CA0 /* Build configuration list for PBXNativeTarget "ScreenTimeShieldUITests" */ = {
			isa = XCConfigurationList;
			buildConfigurations = (
				93B013432A8E557800B97CA0 /* Debug */,
				93B013442A8E557800B97CA0 /* Release */,
			);
			defaultConfigurationIsVisible = 0;
			defaultConfigurationName = Release;
		};
/* End XCConfigurationList section */
	};
	rootObject = 93B013102A8E557700B97CA0 /* Project object */;
}
